
Microsoft Visual Studio Solution File, Format Version 12.00
# Visual Studio 15
VisualStudioVersion = 15.0.26228.4
MinimumVisualStudioVersion = 10.0.40219.1
Project("{FAE04EC0-301F-11D3-BF4B-00C04F79EFBC}") = "TP20191C", "TP20191C\TP20191C.csproj", "{7EE46222-CE8A-4F81-A5E6-5636571779B9}"
EndProject
Project("{FAE04EC0-301F-11D3-BF4B-00C04F79EFBC}") = "Entidades", "Entidades\Entidades.csproj", "{FF3D3FD6-8485-4CA1-8A21-F337A3981BF3}"
EndProject
Project("{FAE04EC0-301F-11D3-BF4B-00C04F79EFBC}") = "Servicios", "Servicios\Servicios.csproj", "{C8D2C30B-648E-4E57-A4F6-30A0DC421EA1}"
EndProject
Global
	GlobalSection(SolutionConfigurationPlatforms) = preSolution
		Debug|Any CPU = Debug|Any CPU
		Release|Any CPU = Release|Any CPU
	EndGlobalSection
	GlobalSection(ProjectConfigurationPlatforms) = postSolution
		{7EE46222-CE8A-4F81-A5E6-5636571779B9}.Debug|Any CPU.ActiveCfg = Debug|Any CPU
		{7EE46222-CE8A-4F81-A5E6-5636571779B9}.Debug|Any CPU.Build.0 = Debug|Any CPU
		{7EE46222-CE8A-4F81-A5E6-5636571779B9}.Release|Any CPU.ActiveCfg = Release|Any CPU
		{7EE46222-CE8A-4F81-A5E6-5636571779B9}.Release|Any CPU.Build.0 = Release|Any CPU
		{FF3D3FD6-8485-4CA1-8A21-F337A3981BF3}.Debug|Any CPU.ActiveCfg = Debug|Any CPU
		{FF3D3FD6-8485-4CA1-8A21-F337A3981BF3}.Debug|Any CPU.Build.0 = Debug|Any CPU
		{FF3D3FD6-8485-4CA1-8A21-F337A3981BF3}.Release|Any CPU.ActiveCfg = Release|Any CPU
		{FF3D3FD6-8485-4CA1-8A21-F337A3981BF3}.Release|Any CPU.Build.0 = Release|Any CPU
		{C8D2C30B-648E-4E57-A4F6-30A0DC421EA1}.Debug|Any CPU.ActiveCfg = Debug|Any CPU
		{C8D2C30B-648E-4E57-A4F6-30A0DC421EA1}.Debug|Any CPU.Build.0 = Debug|Any CPU
		{C8D2C30B-648E-4E57-A4F6-30A0DC421EA1}.Release|Any CPU.ActiveCfg = Release|Any CPU
		{C8D2C30B-648E-4E57-A4F6-30A0DC421EA1}.Release|Any CPU.Build.0 = Release|Any CPU
	EndGlobalSection
	GlobalSection(SolutionProperties) = preSolution
		HideSolutionNode = FALSE
	EndGlobalSection
	GlobalSection(ExtensibilityGlobals) = postSolution
		SolutionGuid = {3BBA9A57-3313-4FB0-B887-F1770D0E445F}
	EndGlobalSection
EndGlobal
